
Microsoft Visual Studio Solution File, Format Version 12.00
# Visual Studio Version 17
VisualStudioVersion = 17.1.32210.238
MinimumVisualStudioVersion = 10.0.40219.1
Project("{FAE04EC0-301F-11D3-BF4B-00C04F79EFBC}") = "CharlieC", "CharlieC.csproj", "{BAD87BCA-B8D4-4DDF-BD63-E6E1DE408E33}"
EndProject
Global
	GlobalSection(SolutionConfigurationPlatforms) = preSolution
		Debug|Any CPU = Debug|Any CPU
		Release|Any CPU = Release|Any CPU
	EndGlobalSection
	GlobalSection(ProjectConfigurationPlatforms) = postSolution
		{BAD87BCA-B8D4-4DDF-BD63-E6E1DE408E33}.Debug|Any CPU.ActiveCfg = Debug|Any CPU
		{BAD87BCA-B8D4-4DDF-BD63-E6E1DE408E33}.Debug|Any CPU.Build.0 = Debug|Any CPU
		{BAD87BCA-B8D4-4DDF-BD63-E6E1DE408E33}.Release|Any CPU.ActiveCfg = Release|Any CPU
		{BAD87BCA-B8D4-4DDF-BD63-E6E1DE408E33}.Release|Any CPU.Build.0 = Release|Any CPU
	EndGlobalSection
	GlobalSection(SolutionProperties) = preSolution
		HideSolutionNode = FALSE
	EndGlobalSection
	GlobalSection(ExtensibilityGlobals) = postSolution
		SolutionGuid = {41F636B2-3867-4FF8-98EB-14D6AF6CA21E}
	EndGlobalSection
EndGlobal
